
Microsoft Visual Studio Solution File, Format Version 12.00
# Visual Studio Version 16
VisualStudioVersion = 16.0.29306.81
MinimumVisualStudioVersion = 10.0.40219.1
Project("{FAE04EC0-301F-11D3-BF4B-00C04F79EFBC}") = "N01350618_Bonus_Assignment_B", "N01350618_Bonus_Assignment_B.csproj", "{BE1D9914-6CE7-44E3-B2B4-9E80D6DF88C1}"
EndProject
Global
	GlobalSection(SolutionConfigurationPlatforms) = preSolution
		Debug|Any CPU = Debug|Any CPU
		Release|Any CPU = Release|Any CPU
	EndGlobalSection
	GlobalSection(ProjectConfigurationPlatforms) = postSolution
		{BE1D9914-6CE7-44E3-B2B4-9E80D6DF88C1}.Debug|Any CPU.ActiveCfg = Debug|Any CPU
		{BE1D9914-6CE7-44E3-B2B4-9E80D6DF88C1}.Debug|Any CPU.Build.0 = Debug|Any CPU
		{BE1D9914-6CE7-44E3-B2B4-9E80D6DF88C1}.Release|Any CPU.ActiveCfg = Release|Any CPU
		{BE1D9914-6CE7-44E3-B2B4-9E80D6DF88C1}.Release|Any CPU.Build.0 = Release|Any CPU
	EndGlobalSection
	GlobalSection(SolutionProperties) = preSolution
		HideSolutionNode = FALSE
	EndGlobalSection
	GlobalSection(ExtensibilityGlobals) = postSolution
		SolutionGuid = {C0CC3361-E164-4DC9-8F0D-747F00ADAD5C}
	EndGlobalSection
EndGlobal
